// !$*UTF8*$!
{
	archiveVersion = 1;
	classes = {
	};
	objectVersion = 46;
	objects = {

/* Begin PBXBuildFile section */
		ED33D4B21D9C7C2600C21D14 /* AppDelegate.swift in Sources */ = {isa = PBXBuildFile; fileRef = ED33D4B11D9C7C2600C21D14 /* AppDelegate.swift */; };
		ED33D4B41D9C7C2600C21D14 /* ViewController.swift in Sources */ = {isa = PBXBuildFile; fileRef = ED33D4B31D9C7C2600C21D14 /* ViewController.swift */; };
		ED33D4B71D9C7C2600C21D14 /* Main.storyboard in Resources */ = {isa = PBXBuildFile; fileRef = ED33D4B51D9C7C2600C21D14 /* Main.storyboard */; };
		ED33D4B91D9C7C2600C21D14 /* Assets.xcassets in Resources */ = {isa = PBXBuildFile; fileRef = ED33D4B81D9C7C2600C21D14 /* Assets.xcassets */; };
		ED33D4BC1D9C7C2600C21D14 /* LaunchScreen.storyboard in Resources */ = {isa = PBXBuildFile; fileRef = ED33D4BA1D9C7C2600C21D14 /* LaunchScreen.storyboard */; };
		ED33D4C71D9C7C2600C21D14 /* XMeetupTests.swift in Sources */ = {isa = PBXBuildFile; fileRef = ED33D4C61D9C7C2600C21D14 /* XMeetupTests.swift */; };
/* End PBXBuildFile section */

/* Begin PBXContainerItemProxy section */
		ED33D4C31D9C7C2600C21D14 /* PBXContainerItemProxy */ = {
			isa = PBXContainerItemProxy;
			containerPortal = ED33D4A61D9C7C2600C21D14 /* Project object */;
			proxyType = 1;
			remoteGlobalIDString = ED33D4AD1D9C7C2600C21D14;
			remoteInfo = XMeetup;
		};
/* End PBXContainerItemProxy section */

/* Begin PBXFileReference section */
		ED33D4AE1D9C7C2600C21D14 /* XMeetup.app */ = {isa = PBXFileReference; explicitFileType = wrapper.application; includeInIndex = 0; path = XMeetup.app; sourceTree = BUILT_PRODUCTS_DIR; };
		ED33D4B11D9C7C2600C21D14 /* AppDelegate.swift */ = {isa = PBXFileReference; lastKnownFileType = sourcecode.swift; path = AppDelegate.swift; sourceTree = "<group>"; };
		ED33D4B31D9C7C2600C21D14 /* ViewController.swift */ = {isa = PBXFileReference; lastKnownFileType = sourcecode.swift; path = ViewController.swift; sourceTree = "<group>"; };
		ED33D4B61D9C7C2600C21D14 /* Base */ = {isa = PBXFileReference; lastKnownFileType = file.storyboard; name = Base; path = Base.lproj/Main.storyboard; sourceTree = "<group>"; };
		ED33D4B81D9C7C2600C21D14 /* Assets.xcassets */ = {isa = PBXFileReference; lastKnownFileType = folder.assetcatalog; path = Assets.xcassets; sourceTree = "<group>"; };
		ED33D4BB1D9C7C2600C21D14 /* Base */ = {isa = PBXFileReference; lastKnownFileType = file.storyboard; name = Base; path = Base.lproj/LaunchScreen.storyboard; sourceTree = "<group>"; };
		ED33D4BD1D9C7C2600C21D14 /* Info.plist */ = {isa = PBXFileReference; lastKnownFileType = text.plist.xml; path = Info.plist; sourceTree = "<group>"; };
		ED33D4C21D9C7C2600C21D14 /* XMeetupTests.xctest */ = {isa = PBXFileReference; explicitFileType = wrapper.cfbundle; includeInIndex = 0; path = XMeetupTests.xctest; sourceTree = BUILT_PRODUCTS_DIR; };
		ED33D4C61D9C7C2600C21D14 /* XMeetupTests.swift */ = {isa = PBXFileReference; lastKnownFileType = sourcecode.swift; path = XMeetupTests.swift; sourceTree = "<group>"; };
		ED33D4C81D9C7C2600C21D14 /* Info.plist */ = {isa = PBXFileReference; lastKnownFileType = text.plist.xml; path = Info.plist; sourceTree = "<group>"; };
/* End PBXFileReference section */

/* Begin PBXFrameworksBuildPhase section */
		ED33D4AB1D9C7C2600C21D14 /* Frameworks */ = {
			isa = PBXFrameworksBuildPhase;
			buildActionMask = 2147483647;
			files = (
			);
			runOnlyForDeploymentPostprocessing = 0;
		};
		ED33D4BF1D9C7C2600C21D14 /* Frameworks */ = {
			isa = PBXFrameworksBuildPhase;
			buildActionMask = 2147483647;
			files = (
			);
			runOnlyForDeploymentPostprocessing = 0;
		};
/* End PBXFrameworksBuildPhase section */

/* Begin PBXGroup section */
		ED33D4A51D9C7C2600C21D14 = {
			isa = PBXGroup;
			children = (
				ED33D4B01D9C7C2600C21D14 /* XMeetup */,
				ED33D4C51D9C7C2600C21D14 /* XMeetupTests */,
				ED33D4AF1D9C7C2600C21D14 /* Products */,
			);
			sourceTree = "<group>";
		};
		ED33D4AF1D9C7C2600C21D14 /* Products */ = {
			isa = PBXGroup;
			children = (
				ED33D4AE1D9C7C2600C21D14 /* XMeetup.app */,
				ED33D4C21D9C7C2600C21D14 /* XMeetupTests.xctest */,
			);
			name = Products;
			sourceTree = "<group>";
		};
		ED33D4B01D9C7C2600C21D14 /* XMeetup */ = {
			isa = PBXGroup;
			children = (
				ED33D4B11D9C7C2600C21D14 /* AppDelegate.swift */,
				ED33D4B31D9C7C2600C21D14 /* ViewController.swift */,
				ED33D4B51D9C7C2600C21D14 /* Main.storyboard */,
				ED33D4B81D9C7C2600C21D14 /* Assets.xcassets */,
				ED33D4BA1D9C7C2600C21D14 /* LaunchScreen.storyboard */,
				ED33D4BD1D9C7C2600C21D14 /* Info.plist */,
			);
			path = XMeetup;
			sourceTree = "<group>";
		};
		ED33D4C51D9C7C2600C21D14 /* XMeetupTests */ = {
			isa = PBXGroup;
			children = (
				ED33D4C61D9C7C2600C21D14 /* XMeetupTests.swift */,
				ED33D4C81D9C7C2600C21D14 /* Info.plist */,
			);
			path = XMeetupTests;
			sourceTree = "<group>";
		};
/* End PBXGroup section */

/* Begin PBXNativeTarget section */
		ED33D4AD1D9C7C2600C21D14 /* XMeetup */ = {
			isa = PBXNativeTarget;
			buildConfigurationList = ED33D4CB1D9C7C2600C21D14 /* Build configuration list for PBXNativeTarget "XMeetup" */;
			buildPhases = (
				ED33D4AA1D9C7C2600C21D14 /* Sources */,
				ED33D4AB1D9C7C2600C21D14 /* Frameworks */,
				ED33D4AC1D9C7C2600C21D14 /* Resources */,
			);
			buildRules = (
			);
			dependencies = (
			);
			name = XMeetup;
			productName = XMeetup;
			productReference = ED33D4AE1D9C7C2600C21D14 /* XMeetup.app */;
			productType = "com.apple.product-type.application";
		};
		ED33D4C11D9C7C2600C21D14 /* XMeetupTests */ = {
			isa = PBXNativeTarget;
			buildConfigurationList = ED33D4CE1D9C7C2600C21D14 /* Build configuration list for PBXNativeTarget "XMeetupTests" */;
			buildPhases = (
				ED33D4BE1D9C7C2600C21D14 /* Sources */,
				ED33D4BF1D9C7C2600C21D14 /* Frameworks */,
				ED33D4C01D9C7C2600C21D14 /* Resources */,
			);
			buildRules = (
			);
			dependencies = (
				ED33D4C41D9C7C2600C21D14 /* PBXTargetDependency */,
			);
			name = XMeetupTests;
			productName = XMeetupTests;
			productReference = ED33D4C21D9C7C2600C21D14 /* XMeetupTests.xctest */;
			productType = "com.apple.product-type.bundle.unit-test";
		};
/* End PBXNativeTarget section */

/* Begin PBXProject section */
		ED33D4A61D9C7C2600C21D14 /* Project object */ = {
			isa = PBXProject;
			attributes = {
				LastSwiftUpdateCheck = 0800;
				LastUpgradeCheck = 0800;
				ORGANIZATIONNAME = "Kirill Vilkov";
				TargetAttributes = {
					ED33D4AD1D9C7C2600C21D14 = {
						CreatedOnToolsVersion = 8.0;
						DevelopmentTeam = 5WKL6V6MLX;
						ProvisioningStyle = Automatic;
					};
					ED33D4C11D9C7C2600C21D14 = {
						CreatedOnToolsVersion = 8.0;
						DevelopmentTeam = 5WKL6V6MLX;
						ProvisioningStyle = Automatic;
						TestTargetID = ED33D4AD1D9C7C2600C21D14;
					};
				};
			};
			buildConfigurationList = ED33D4A91D9C7C2600C21D14 /* Build configuration list for PBXProject "XMeetup" */;
			compatibilityVersion = "Xcode 3.2";
			developmentRegion = English;
			hasScannedForEncodings = 0;
			knownRegions = (
				en,
				Base,
			);
			mainGroup = ED33D4A51D9C7C2600C21D14;
			productRefGroup = ED33D4AF1D9C7C2600C21D14 /* Products */;
			projectDirPath = "";
			projectRoot = "";
			targets = (
				ED33D4AD1D9C7C2600C21D14 /* XMeetup */,
				ED33D4C11D9C7C2600C21D14 /* XMeetupTests */,
			);
		};
/* End PBXProject section */

/* Begin PBXResourcesBuildPhase section */
		ED33D4AC1D9C7C2600C21D14 /* Resources */ = {
			isa = PBXResourcesBuildPhase;
			buildActionMask = 2147483647;
			files = (
				ED33D4BC1D9C7C2600C21D14 /* LaunchScreen.storyboard in Resources */,
				ED33D4B91D9C7C2600C21D14 /* Assets.xcassets in Resources */,
				ED33D4B71D9C7C2600C21D14 /* Main.storyboard in Resources */,
			);
			runOnlyForDeploymentPostprocessing = 0;
		};
		ED33D4C01D9C7C2600C21D14 /* Resources */ = {
			isa = PBXResourcesBuildPhase;
			buildActionMask = 2147483647;
			files = (
			);
			runOnlyForDeploymentPostprocessing = 0;
		};
/* End PBXResourcesBuildPhase section */

/* Begin PBXSourcesBuildPhase section */
		ED33D4AA1D9C7C2600C21D14 /* Sources */ = {
			isa = PBXSourcesBuildPhase;
			buildActionMask = 2147483647;
			files = (
				ED33D4B41D9C7C2600C21D14 /* ViewController.swift in Sources */,
				ED33D4B21D9C7C2600C21D14 /* AppDelegate.swift in Sources */,
			);
			runOnlyForDeploymentPostprocessing = 0;
		};
		ED33D4BE1D9C7C2600C21D14 /* Sources */ = {
			isa = PBXSourcesBuildPhase;
			buildActionMask = 2147483647;
			files = (
				ED33D4C71D9C7C2600C21D14 /* XMeetupTests.swift in Sources */,
			);
			runOnlyForDeploymentPostprocessing = 0;
		};
/* End PBXSourcesBuildPhase section */

/* Begin PBXTargetDependency section */
		ED33D4C41D9C7C2600C21D14 /* PBXTargetDependency */ = {
			isa = PBXTargetDependency;
			target = ED33D4AD1D9C7C2600C21D14 /* XMeetup */;
			targetProxy = ED33D4C31D9C7C2600C21D14 /* PBXContainerItemProxy */;
		};
/* End PBXTargetDependency section */

/* Begin PBXVariantGroup section */
		ED33D4B51D9C7C2600C21D14 /* Main.storyboard */ = {
			isa = PBXVariantGroup;
			children = (
				ED33D4B61D9C7C2600C21D14 /* Base */,
			);
			name = Main.storyboard;
			sourceTree = "<group>";
		};
		ED33D4BA1D9C7C2600C21D14 /* LaunchScreen.storyboard */ = {
			isa = PBXVariantGroup;
			children = (
				ED33D4BB1D9C7C2600C21D14 /* Base */,
			);
			name = LaunchScreen.storyboard;
			sourceTree = "<group>";
		};
/* End PBXVariantGroup section */

/* Begin XCBuildConfiguration section */
		ED33D4C91D9C7C2600C21D14 /* Debug */ = {
			isa = XCBuildConfiguration;
			buildSettings = {
				ALWAYS_SEARCH_USER_PATHS = NO;
				CLANG_ANALYZER_NONNULL = YES;
				CLANG_CXX_LANGUAGE_STANDARD = "gnu++0x";
				CLANG_CXX_LIBRARY = "libc++";
				CLANG_ENABLE_MODULES = YES;
				CLANG_ENABLE_OBJC_ARC = YES;
				CLANG_WARN_BOOL_CONVERSION = YES;
				CLANG_WARN_CONSTANT_CONVERSION = YES;
				CLANG_WARN_DIRECT_OBJC_ISA_USAGE = YES_ERROR;
				CLANG_WARN_DOCUMENTATION_COMMENTS = YES;
				CLANG_WARN_EMPTY_BODY = YES;
				CLANG_WARN_ENUM_CONVERSION = YES;
				CLANG_WARN_INFINITE_RECURSION = YES;
				CLANG_WARN_INT_CONVERSION = YES;
				CLANG_WARN_OBJC_ROOT_CLASS = YES_ERROR;
				CLANG_WARN_SUSPICIOUS_MOVES = YES;
				CLANG_WARN_UNREACHABLE_CODE = YES;
				CLANG_WARN__DUPLICATE_METHOD_MATCH = YES;
				"CODE_SIGN_IDENTITY[sdk=iphoneos*]" = "iPhone Developer";
				COPY_PHASE_STRIP = NO;
				DEBUG_INFORMATION_FORMAT = dwarf;
				ENABLE_STRICT_OBJC_MSGSEND = YES;
				ENABLE_TESTABILITY = YES;
				GCC_C_LANGUAGE_STANDARD = gnu99;
				GCC_DYNAMIC_NO_PIC = NO;
				GCC_NO_COMMON_BLOCKS = YES;
				GCC_OPTIMIZATION_LEVEL = 0;
				GCC_PREPROCESSOR_DEFINITIONS = (
					"DEBUG=1",
					"$(inherited)",
				);
				GCC_WARN_64_TO_32_BIT_CONVERSION = YES;
				GCC_WARN_ABOUT_RETURN_TYPE = YES_ERROR;
				GCC_WARN_UNDECLARED_SELECTOR = YES;
				GCC_WARN_UNINITIALIZED_AUTOS = YES_AGGRESSIVE;
				GCC_WARN_UNUSED_FUNCTION = YES;
				GCC_WARN_UNUSED_VARIABLE = YES;
				IPHONEOS_DEPLOYMENT_TARGET = 10.0;
				MTL_ENABLE_DEBUG_INFO = YES;
				ONLY_ACTIVE_ARCH = YES;
				SDKROOT = iphoneos;
				SWIFT_ACTIVE_COMPILATION_CONDITIONS = DEBUG;
				SWIFT_OPTIMIZATION_LEVEL = "-Onone";
				TARGETED_DEVICE_FAMILY = "1,2";
			};
			name = Debug;
		};
		ED33D4CA1D9C7C2600C21D14 /* Release */ = {
			isa = XCBuildConfiguration;
			buildSettings = {
				ALWAYS_SEARCH_USER_PATHS = NO;
				CLANG_ANALYZER_NONNULL = YES;
				CLANG_CXX_LANGUAGE_STANDARD = "gnu++0x";
				CLANG_CXX_LIBRARY = "libc++";
				CLANG_ENABLE_MODULES = YES;
				CLANG_ENABLE_OBJC_ARC = YES;
				CLANG_WARN_BOOL_CONVERSION = YES;
				CLANG_WARN_CONSTANT_CONVERSION = YES;
				CLANG_WARN_DIRECT_OBJC_ISA_USAGE = YES_ERROR;
				CLANG_WARN_DOCUMENTATION_COMMENTS = YES;
				CLANG_WARN_EMPTY_BODY = YES;
				CLANG_WARN_ENUM_CONVERSION = YES;
				CLANG_WARN_INFINITE_RECURSION = YES;
				CLANG_WARN_INT_CONVERSION = YES;
				CLANG_WARN_OBJC_ROOT_CLASS = YES_ERROR;
				CLANG_WARN_SUSPICIOUS_MOVES = YES;
				CLANG_WARN_UNREACHABLE_CODE = YES;
				CLANG_WARN__DUPLICATE_METHOD_MATCH = YES;
				"CODE_SIGN_IDENTITY[sdk=iphoneos*]" = "iPhone Developer";
				COPY_PHASE_STRIP = NO;
				DEBUG_INFORMATION_FORMAT = "dwarf-with-dsym";
				ENABLE_NS_ASSERTIONS = NO;
				ENABLE_STRICT_OBJC_MSGSEND = YES;
				GCC_C_LANGUAGE_STANDARD = gnu99;
				GCC_NO_COMMON_BLOCKS = YES;
				GCC_WARN_64_TO_32_BIT_CONVERSION = YES;
				GCC_WARN_ABOUT_RETURN_TYPE = YES_ERROR;
				GCC_WARN_UNDECLARED_SELECTOR = YES;
				GCC_WARN_UNINITIALIZED_AUTOS = YES_AGGRESSIVE;
				GCC_WARN_UNUSED_FUNCTION = YES;
				GCC_WARN_UNUSED_VARIABLE = YES;
				IPHONEOS_DEPLOYMENT_TARGET = 10.0;
				MTL_ENABLE_DEBUG_INFO = NO;
				SDKROOT = iphoneos;
				SWIFT_OPTIMIZATION_LEVEL = "-Owholemodule";
				TARGETED_DEVICE_FAMILY = "1,2";
				VALIDATE_PRODUCT = YES;
			};
			name = Release;
		};
		ED33D4CC1D9C7C2600C21D14 /* Debug */ = {
			isa = XCBuildConfiguration;
			buildSettings = {
				ASSETCATALOG_COMPILER_APPICON_NAME = AppIcon;
				DEVELOPMENT_TEAM = 5WKL6V6MLX;
				INFOPLIST_FILE = XMeetup/Info.plist;
				LD_RUNPATH_SEARCH_PATHS = "$(inherited) @executable_path/Frameworks";
				PRODUCT_BUNDLE_IDENTIFIER = ru.wideword.XMeetup;
				PRODUCT_NAME = "$(TARGET_NAME)";
				SWIFT_VERSION = 3.0;
			};
			name = Debug;
		};
		ED33D4CD1D9C7C2600C21D14 /* Release */ = {
			isa = XCBuildConfiguration;
			buildSettings = {
				ASSETCATALOG_COMPILER_APPICON_NAME = AppIcon;
				DEVELOPMENT_TEAM = 5WKL6V6MLX;
				INFOPLIST_FILE = XMeetup/Info.plist;
				LD_RUNPATH_SEARCH_PATHS = "$(inherited) @executable_path/Frameworks";
				PRODUCT_BUNDLE_IDENTIFIER = ru.wideword.XMeetup;
				PRODUCT_NAME = "$(TARGET_NAME)";
				SWIFT_VERSION = 3.0;
			};
			name = Release;
		};
		ED33D4CF1D9C7C2600C21D14 /* Debug */ = {
			isa = XCBuildConfiguration;
			buildSettings = {
				ALWAYS_EMBED_SWIFT_STANDARD_LIBRARIES = YES;
				BUNDLE_LOADER = "$(TEST_HOST)";
				DEVELOPMENT_TEAM = 5WKL6V6MLX;
				INFOPLIST_FILE = XMeetupTests/Info.plist;
				LD_RUNPATH_SEARCH_PATHS = "$(inherited) @executable_path/Frameworks @loader_path/Frameworks";
				PRODUCT_BUNDLE_IDENTIFIER = ru.wideword.XMeetupTests;
				PRODUCT_NAME = "$(TARGET_NAME)";
				SWIFT_VERSION = 3.0;
				TEST_HOST = "$(BUILT_PRODUCTS_DIR)/XMeetup.app/XMeetup";
			};
			name = Debug;
		};
		ED33D4D01D9C7C2600C21D14 /* Release */ = {
			isa = XCBuildConfiguration;
			buildSettings = {
				ALWAYS_EMBED_SWIFT_STANDARD_LIBRARIES = YES;
				BUNDLE_LOADER = "$(TEST_HOST)";
				DEVELOPMENT_TEAM = 5WKL6V6MLX;
				INFOPLIST_FILE = XMeetupTests/Info.plist;
				LD_RUNPATH_SEARCH_PATHS = "$(inherited) @executable_path/Frameworks @loader_path/Frameworks";
				PRODUCT_BUNDLE_IDENTIFIER = ru.wideword.XMeetupTests;
				PRODUCT_NAME = "$(TARGET_NAME)";
				SWIFT_VERSION = 3.0;
				TEST_HOST = "$(BUILT_PRODUCTS_DIR)/XMeetup.app/XMeetup";
			};
			name = Release;
		};
/* End XCBuildConfiguration section */

/* Begin XCConfigurationList section */
		ED33D4A91D9C7C2600C21D14 /* Build configuration list for PBXProject "XMeetup" */ = {
			isa = XCConfigurationList;
			buildConfigurations = (
				ED33D4C91D9C7C2600C21D14 /* Debug */,
				ED33D4CA1D9C7C2600C21D14 /* Release */,
			);
			defaultConfigurationIsVisible = 0;
			defaultConfigurationName = Release;
		};
		ED33D4CB1D9C7C2600C21D14 /* Build configuration list for PBXNativeTarget "XMeetup" */ = {
			isa = XCConfigurationList;
			buildConfigurations = (
				ED33D4CC1D9C7C2600C21D14 /* Debug */,
				ED33D4CD1D9C7C2600C21D14 /* Release */,
			);
			defaultConfigurationIsVisible = 0;
		};
		ED33D4CE1D9C7C2600C21D14 /* Build configuration list for PBXNativeTarget "XMeetupTests" */ = {
			isa = XCConfigurationList;
			buildConfigurations = (
				ED33D4CF1D9C7C2600C21D14 /* Debug */,
				ED33D4D01D9C7C2600C21D14 /* Release */,
			);
			defaultConfigurationIsVisible = 0;
		};
/* End XCConfigurationList section */
	};
	rootObject = ED33D4A61D9C7C2600C21D14 /* Project object */;
}
